
Microsoft Visual Studio Solution File, Format Version 12.00
# Visual Studio Version 17
VisualStudioVersion = 17.14.36127.28
MinimumVisualStudioVersion = 10.0.40219.1
Project("{FAE04EC0-301F-11D3-BF4B-00C04F79EFBC}") = "LevelEditor", "LevelEditor\LevelEditor.csproj", "{6B19684D-4417-4929-A0BF-505843C4A700}"
EndProject
Project("{FAE04EC0-301F-11D3-BF4B-00C04F79EFBC}") = "PlatformerGame", "Platformer\PlatformerGame.csproj", "{A7942531-A043-FC69-CE27-FE3041AC27D4}"
EndProject
Global
	GlobalSection(SolutionConfigurationPlatforms) = preSolution
		Debug|Any CPU = Debug|Any CPU
		Release|Any CPU = Release|Any CPU
	EndGlobalSection
	GlobalSection(ProjectConfigurationPlatforms) = postSolution
		{6B19684D-4417-4929-A0BF-505843C4A700}.Debug|Any CPU.ActiveCfg = Debug|Any CPU
		{6B19684D-4417-4929-A0BF-505843C4A700}.Debug|Any CPU.Build.0 = Debug|Any CPU
		{6B19684D-4417-4929-A0BF-505843C4A700}.Release|Any CPU.ActiveCfg = Release|Any CPU
		{6B19684D-4417-4929-A0BF-505843C4A700}.Release|Any CPU.Build.0 = Release|Any CPU
		{A7942531-A043-FC69-CE27-FE3041AC27D4}.Debug|Any CPU.ActiveCfg = Debug|Any CPU
		{A7942531-A043-FC69-CE27-FE3041AC27D4}.Debug|Any CPU.Build.0 = Debug|Any CPU
		{A7942531-A043-FC69-CE27-FE3041AC27D4}.Release|Any CPU.ActiveCfg = Release|Any CPU
		{A7942531-A043-FC69-CE27-FE3041AC27D4}.Release|Any CPU.Build.0 = Release|Any CPU
	EndGlobalSection
	GlobalSection(SolutionProperties) = preSolution
		HideSolutionNode = FALSE
	EndGlobalSection
	GlobalSection(ExtensibilityGlobals) = postSolution
		SolutionGuid = {3F6DC744-9E8B-4940-A9DF-DD9BE560A01D}
	EndGlobalSection
EndGlobal
